
Microsoft Visual Studio Solution File, Format Version 12.00
# Visual Studio Version 17
VisualStudioVersion = 17.4.33213.308
MinimumVisualStudioVersion = 10.0.40219.1
Project("{FAE04EC0-301F-11D3-BF4B-00C04F79EFBC}") = "sudokuHM", "sudokuHM\sudokuHM.csproj", "{1244DEDB-B23E-4917-B3A0-93A8D2773465}"
EndProject
Global
	GlobalSection(SolutionConfigurationPlatforms) = preSolution
		Debug|Any CPU = Debug|Any CPU
		Release|Any CPU = Release|Any CPU
	EndGlobalSection
	GlobalSection(ProjectConfigurationPlatforms) = postSolution
		{1244DEDB-B23E-4917-B3A0-93A8D2773465}.Debug|Any CPU.ActiveCfg = Debug|Any CPU
		{1244DEDB-B23E-4917-B3A0-93A8D2773465}.Debug|Any CPU.Build.0 = Debug|Any CPU
		{1244DEDB-B23E-4917-B3A0-93A8D2773465}.Release|Any CPU.ActiveCfg = Release|Any CPU
		{1244DEDB-B23E-4917-B3A0-93A8D2773465}.Release|Any CPU.Build.0 = Release|Any CPU
	EndGlobalSection
	GlobalSection(SolutionProperties) = preSolution
		HideSolutionNode = FALSE
	EndGlobalSection
	GlobalSection(ExtensibilityGlobals) = postSolution
		SolutionGuid = {C24985D3-4645-4076-97CB-D09A24151410}
	EndGlobalSection
EndGlobal
